
Microsoft Visual Studio Solution File, Format Version 12.00
# Visual Studio Version 17
VisualStudioVersion = 17.0.32112.339
MinimumVisualStudioVersion = 10.0.40219.1
Project("{FAE04EC0-301F-11D3-BF4B-00C04F79EFBC}") = "002_Calculator_App", "002_Calculator_App.csproj", "{B4368900-C807-49A3-8385-1481F7F81F65}"
EndProject
Global
	GlobalSection(SolutionConfigurationPlatforms) = preSolution
		Debug|Any CPU = Debug|Any CPU
		Release|Any CPU = Release|Any CPU
	EndGlobalSection
	GlobalSection(ProjectConfigurationPlatforms) = postSolution
		{B4368900-C807-49A3-8385-1481F7F81F65}.Debug|Any CPU.ActiveCfg = Debug|Any CPU
		{B4368900-C807-49A3-8385-1481F7F81F65}.Debug|Any CPU.Build.0 = Debug|Any CPU
		{B4368900-C807-49A3-8385-1481F7F81F65}.Release|Any CPU.ActiveCfg = Release|Any CPU
		{B4368900-C807-49A3-8385-1481F7F81F65}.Release|Any CPU.Build.0 = Release|Any CPU
	EndGlobalSection
	GlobalSection(SolutionProperties) = preSolution
		HideSolutionNode = FALSE
	EndGlobalSection
	GlobalSection(ExtensibilityGlobals) = postSolution
		SolutionGuid = {785D4A56-C6A0-4837-9FD2-EC6A8CF5468A}
	EndGlobalSection
EndGlobal
